
Microsoft Visual Studio Solution File, Format Version 12.00
# Visual Studio Version 16
VisualStudioVersion = 16.0.29418.71
MinimumVisualStudioVersion = 10.0.40219.1
Project("{FAE04EC0-301F-11D3-BF4B-00C04F79EFBC}") = "HW3_Delta_based_control_variate", "HW3_Delta_based_control_variate.csproj", "{EBEC2CD7-BBFD-4AE3-B04A-67935C663F80}"
EndProject
Global
	GlobalSection(SolutionConfigurationPlatforms) = preSolution
		Debug|Any CPU = Debug|Any CPU
		Release|Any CPU = Release|Any CPU
	EndGlobalSection
	GlobalSection(ProjectConfigurationPlatforms) = postSolution
		{EBEC2CD7-BBFD-4AE3-B04A-67935C663F80}.Debug|Any CPU.ActiveCfg = Debug|Any CPU
		{EBEC2CD7-BBFD-4AE3-B04A-67935C663F80}.Debug|Any CPU.Build.0 = Debug|Any CPU
		{EBEC2CD7-BBFD-4AE3-B04A-67935C663F80}.Release|Any CPU.ActiveCfg = Release|Any CPU
		{EBEC2CD7-BBFD-4AE3-B04A-67935C663F80}.Release|Any CPU.Build.0 = Release|Any CPU
	EndGlobalSection
	GlobalSection(SolutionProperties) = preSolution
		HideSolutionNode = FALSE
	EndGlobalSection
	GlobalSection(ExtensibilityGlobals) = postSolution
		SolutionGuid = {75B685F2-9917-4863-B408-3DD3C4934F66}
	EndGlobalSection
EndGlobal
